
Microsoft Visual Studio Solution File, Format Version 12.00
# Visual Studio 15
VisualStudioVersion = 15.0.27130.2003
MinimumVisualStudioVersion = 10.0.40219.1
Project("{2150E333-8FDC-42A3-9474-1A3956D46DE8}") = "src", "src", "{15CF88BE-606B-451A-9239-D2643889B200}"
EndProject
Project("{9A19103F-16F7-4668-BE54-9A1E7A4F7556}") = "Taxi.Api.Service", "src\Taxi.Api.Service\Taxi.Api.Service.csproj", "{6E3EBFB4-9F53-40A9-9E7B-5313EAB26EE9}"
EndProject
Global
	GlobalSection(SolutionConfigurationPlatforms) = preSolution
		Debug|Any CPU = Debug|Any CPU
		Release|Any CPU = Release|Any CPU
	EndGlobalSection
	GlobalSection(ProjectConfigurationPlatforms) = postSolution
		{6E3EBFB4-9F53-40A9-9E7B-5313EAB26EE9}.Debug|Any CPU.ActiveCfg = Debug|Any CPU
		{6E3EBFB4-9F53-40A9-9E7B-5313EAB26EE9}.Debug|Any CPU.Build.0 = Debug|Any CPU
		{6E3EBFB4-9F53-40A9-9E7B-5313EAB26EE9}.Release|Any CPU.ActiveCfg = Release|Any CPU
		{6E3EBFB4-9F53-40A9-9E7B-5313EAB26EE9}.Release|Any CPU.Build.0 = Release|Any CPU
	EndGlobalSection
	GlobalSection(SolutionProperties) = preSolution
		HideSolutionNode = FALSE
	EndGlobalSection
	GlobalSection(NestedProjects) = preSolution
		{6E3EBFB4-9F53-40A9-9E7B-5313EAB26EE9} = {15CF88BE-606B-451A-9239-D2643889B200}
	EndGlobalSection
	GlobalSection(ExtensibilityGlobals) = postSolution
		SolutionGuid = {399601B6-809F-495E-918F-779B43B1F3CC}
	EndGlobalSection
EndGlobal
